
Microsoft Visual Studio Solution File, Format Version 12.00
# Visual Studio Version 17
VisualStudioVersion = 17.4.33205.214
MinimumVisualStudioVersion = 10.0.40219.1
Project("{FAE04EC0-301F-11D3-BF4B-00C04F79EFBC}") = "OOP_Kursovaya", "OOP_Kursovaya\OOP_Kursovaya.csproj", "{4C3957C2-AA92-4918-BBDD-61B930166B78}"
EndProject
Global
	GlobalSection(SolutionConfigurationPlatforms) = preSolution
		Debug|Any CPU = Debug|Any CPU
		Release|Any CPU = Release|Any CPU
	EndGlobalSection
	GlobalSection(ProjectConfigurationPlatforms) = postSolution
		{4C3957C2-AA92-4918-BBDD-61B930166B78}.Debug|Any CPU.ActiveCfg = Debug|Any CPU
		{4C3957C2-AA92-4918-BBDD-61B930166B78}.Debug|Any CPU.Build.0 = Debug|Any CPU
		{4C3957C2-AA92-4918-BBDD-61B930166B78}.Release|Any CPU.ActiveCfg = Release|Any CPU
		{4C3957C2-AA92-4918-BBDD-61B930166B78}.Release|Any CPU.Build.0 = Release|Any CPU
	EndGlobalSection
	GlobalSection(SolutionProperties) = preSolution
		HideSolutionNode = FALSE
	EndGlobalSection
	GlobalSection(ExtensibilityGlobals) = postSolution
		SolutionGuid = {881819AA-C731-4532-AA76-055A56721EFB}
	EndGlobalSection
EndGlobal
